Microsoft Visual Studio Solution File, Format Version 12.00
# Visual Studio Version 17
VisualStudioVersion = 17.5.2.0
MinimumVisualStudioVersion = 10.0.40219.1
Project("{FAE04EC0-301F-11D3-BF4B-00C04F79EFBC}") = "questionnaire", "questionnaire\questionnaire.csproj", "{3C9AE3EC-57B8-82E1-5DFB-C22AB8957211}"
EndProject
Global
	GlobalSection(SolutionConfigurationPlatforms) = preSolution
		Debug|Any CPU = Debug|Any CPU
		Release|Any CPU = Release|Any CPU
	EndGlobalSection
	GlobalSection(ProjectConfigurationPlatforms) = postSolution
		{3C9AE3EC-57B8-82E1-5DFB-C22AB8957211}.Debug|Any CPU.ActiveCfg = Debug|Any CPU
		{3C9AE3EC-57B8-82E1-5DFB-C22AB8957211}.Debug|Any CPU.Build.0 = Debug|Any CPU
		{3C9AE3EC-57B8-82E1-5DFB-C22AB8957211}.Release|Any CPU.ActiveCfg = Release|Any CPU
		{3C9AE3EC-57B8-82E1-5DFB-C22AB8957211}.Release|Any CPU.Build.0 = Release|Any CPU
	EndGlobalSection
	GlobalSection(SolutionProperties) = preSolution
		HideSolutionNode = FALSE
	EndGlobalSection
	GlobalSection(ExtensibilityGlobals) = postSolution
		SolutionGuid = {B9D1B6A3-725E-4719-9715-CE48F9AA6D02}
	EndGlobalSection
EndGlobal
